// !$*UTF8*$!
{
	archiveVersion = 1;
	classes = {
	};
	objectVersion = 46;
	objects = {

/* Begin PBXBuildFile section */
		C14F5D931D1B71FD00313654 /* barra.jpg in Resources */ = {isa = PBXBuildFile; fileRef = C14F5D901D1B71FD00313654 /* barra.jpg */; };
		C14F5D941D1B71FD00313654 /* equipos.jpg in Resources */ = {isa = PBXBuildFile; fileRef = C14F5D911D1B71FD00313654 /* equipos.jpg */; };
		C14F5D951D1B71FD00313654 /* LigaMX.jpg in Resources */ = {isa = PBXBuildFile; fileRef = C14F5D921D1B71FD00313654 /* LigaMX.jpg */; };
		C14F5D981D1B7A5C00313654 /* Home.m in Sources */ = {isa = PBXBuildFile; fileRef = C14F5D971D1B7A5C00313654 /* Home.m */; };
		C14F5D9D1D1B804D00313654 /* cellTeams.m in Sources */ = {isa = PBXBuildFile; fileRef = C14F5D9B1D1B804D00313654 /* cellTeams.m */; };
		C14F5D9E1D1B804D00313654 /* cellTeams.xib in Resources */ = {isa = PBXBuildFile; fileRef = C14F5D9C1D1B804D00313654 /* cellTeams.xib */; };
		C16FFC691D17333E00E0B096 /* main.m in Sources */ = {isa = PBXBuildFile; fileRef = C16FFC681D17333E00E0B096 /* main.m */; };
		C16FFC6C1D17333E00E0B096 /* AppDelegate.m in Sources */ = {isa = PBXBuildFile; fileRef = C16FFC6B1D17333E00E0B096 /* AppDelegate.m */; };
		C16FFC6F1D17333E00E0B096 /* Start.m in Sources */ = {isa = PBXBuildFile; fileRef = C16FFC6E1D17333E00E0B096 /* Start.m */; };
		C16FFC721D17333E00E0B096 /* Main.storyboard in Resources */ = {isa = PBXBuildFile; fileRef = C16FFC701D17333E00E0B096 /* Main.storyboard */; };
		C16FFC751D17333E00E0B096 /* Liga_MX.xcdatamodeld in Sources */ = {isa = PBXBuildFile; fileRef = C16FFC731D17333E00E0B096 /* Liga_MX.xcdatamodeld */; };
		C16FFC771D17333E00E0B096 /* Assets.xcassets in Resources */ = {isa = PBXBuildFile; fileRef = C16FFC761D17333E00E0B096 /* Assets.xcassets */; };
		C16FFC7A1D17333E00E0B096 /* LaunchScreen.storyboard in Resources */ = {isa = PBXBuildFile; fileRef = C16FFC781D17333E00E0B096 /* LaunchScreen.storyboard */; };
		C16FFC981D174A8300E0B096 /* Intro.m in Sources */ = {isa = PBXBuildFile; fileRef = C16FFC971D174A8300E0B096 /* Intro.m */; };
		C16FFC9B1D174E9F00E0B096 /* Declarations.m in Sources */ = {isa = PBXBuildFile; fileRef = C16FFC9A1D174E9F00E0B096 /* Declarations.m */; };
		C17C83C11D1CFDDA00AE3DEF /* atlas.png in Resources */ = {isa = PBXBuildFile; fileRef = C17C83C01D1CFDDA00AE3DEF /* atlas.png */; };
		C17C83D01D1CFF4200AE3DEF /* america.jpg in Resources */ = {isa = PBXBuildFile; fileRef = C17C83C21D1CFF4200AE3DEF /* america.jpg */; };
		C17C83D11D1CFF4200AE3DEF /* chivas.jpg in Resources */ = {isa = PBXBuildFile; fileRef = C17C83C31D1CFF4200AE3DEF /* chivas.jpg */; };
		C17C83D21D1CFF4200AE3DEF /* cruzazul.png in Resources */ = {isa = PBXBuildFile; fileRef = C17C83C41D1CFF4200AE3DEF /* cruzazul.png */; };
		C17C83D31D1CFF4200AE3DEF /* leon.png in Resources */ = {isa = PBXBuildFile; fileRef = C17C83C51D1CFF4200AE3DEF /* leon.png */; };
		C17C83D41D1CFF4200AE3DEF /* monterrey.png in Resources */ = {isa = PBXBuildFile; fileRef = C17C83C61D1CFF4200AE3DEF /* monterrey.png */; };
		C17C83D51D1CFF4200AE3DEF /* morelia.png in Resources */ = {isa = PBXBuildFile; fileRef = C17C83C71D1CFF4200AE3DEF /* morelia.png */; };
		C17C83D61D1CFF4200AE3DEF /* necaxa.jpg in Resources */ = {isa = PBXBuildFile; fileRef = C17C83C81D1CFF4200AE3DEF /* necaxa.jpg */; };
		C17C83D71D1CFF4200AE3DEF /* pachuca.png in Resources */ = {isa = PBXBuildFile; fileRef = C17C83C91D1CFF4200AE3DEF /* pachuca.png */; };
		C17C83D81D1CFF4200AE3DEF /* puebla.jpg in Resources */ = {isa = PBXBuildFile; fileRef = C17C83CA1D1CFF4200AE3DEF /* puebla.jpg */; };
		C17C83D91D1CFF4200AE3DEF /* queretaro.png in Resources */ = {isa = PBXBuildFile; fileRef = C17C83CB1D1CFF4200AE3DEF /* queretaro.png */; };
		C17C83DA1D1CFF4200AE3DEF /* santos.png in Resources */ = {isa = PBXBuildFile; fileRef = C17C83CC1D1CFF4200AE3DEF /* santos.png */; };
		C17C83DB1D1CFF4200AE3DEF /* tigres.jpg in Resources */ = {isa = PBXBuildFile; fileRef = C17C83CD1D1CFF4200AE3DEF /* tigres.jpg */; };
		C17C83DC1D1CFF4200AE3DEF /* tijuana.png in Resources */ = {isa = PBXBuildFile; fileRef = C17C83CE1D1CFF4200AE3DEF /* tijuana.png */; };
		C17C83DD1D1CFF4200AE3DEF /* toluca.jpg in Resources */ = {isa = PBXBuildFile; fileRef = C17C83CF1D1CFF4200AE3DEF /* toluca.jpg */; };
		C17C83DF1D1CFF5000AE3DEF /* veracruz.jpg in Resources */ = {isa = PBXBuildFile; fileRef = C17C83DE1D1CFF5000AE3DEF /* veracruz.jpg */; };
		C17C83E11D1CFFAC00AE3DEF /* jaguares.png in Resources */ = {isa = PBXBuildFile; fileRef = C17C83E01D1CFFAC00AE3DEF /* jaguares.png */; };
		C17C83E31D1D011C00AE3DEF /* pumas.jpg in Resources */ = {isa = PBXBuildFile; fileRef = C17C83E21D1D011C00AE3DEF /* pumas.jpg */; };
/* End PBXBuildFile section */

/* Begin PBXFileReference section */
		C14F5D901D1B71FD00313654 /* barra.jpg */ = {isa = PBXFileReference; lastKnownFileType = image.jpeg; path = barra.jpg; sourceTree = "<group>"; };
		C14F5D911D1B71FD00313654 /* equipos.jpg */ = {isa = PBXFileReference; lastKnownFileType = image.jpeg; path = equipos.jpg; sourceTree = "<group>"; };
		C14F5D921D1B71FD00313654 /* LigaMX.jpg */ = {isa = PBXFileReference; lastKnownFileType = image.jpeg; path = LigaMX.jpg; sourceTree = "<group>"; };
		C14F5D961D1B7A5C00313654 /* Home.h */ = {isa = PBXFileReference; fileEncoding = 4; lastKnownFileType = sourcecode.c.h; path = Home.h; sourceTree = "<group>"; };
		C14F5D971D1B7A5C00313654 /* Home.m */ = {isa = PBXFileReference; fileEncoding = 4; lastKnownFileType = sourcecode.c.objc; path = Home.m; sourceTree = "<group>"; };
		C14F5D9A1D1B804D00313654 /* cellTeams.h */ = {isa = PBXFileReference; fileEncoding = 4; lastKnownFileType = sourcecode.c.h; path = cellTeams.h; sourceTree = "<group>"; };
		C14F5D9B1D1B804D00313654 /* cellTeams.m */ = {isa = PBXFileReference; fileEncoding = 4; lastKnownFileType = sourcecode.c.objc; path = cellTeams.m; sourceTree = "<group>"; };
		C14F5D9C1D1B804D00313654 /* cellTeams.xib */ = {isa = PBXFileReference; fileEncoding = 4; lastKnownFileType = file.xib; path = cellTeams.xib; sourceTree = "<group>"; };
		C16FFC641D17333E00E0B096 /* Liga MX.app */ = {isa = PBXFileReference; explicitFileType = wrapper.application; includeInIndex = 0; path = "Liga MX.app"; sourceTree = BUILT_PRODUCTS_DIR; };
		C16FFC681D17333E00E0B096 /* main.m */ = {isa = PBXFileReference; lastKnownFileType = sourcecode.c.objc; path = main.m; sourceTree = "<group>"; };
		C16FFC6A1D17333E00E0B096 /* AppDelegate.h */ = {isa = PBXFileReference; lastKnownFileType = sourcecode.c.h; path = AppDelegate.h; sourceTree = "<group>"; };
		C16FFC6B1D17333E00E0B096 /* AppDelegate.m */ = {isa = PBXFileReference; lastKnownFileType = sourcecode.c.objc; path = AppDelegate.m; sourceTree = "<group>"; };
		C16FFC6D1D17333E00E0B096 /* Start.h */ = {isa = PBXFileReference; lastKnownFileType = sourcecode.c.h; path = Start.h; sourceTree = "<group>"; };
		C16FFC6E1D17333E00E0B096 /* Start.m */ = {isa = PBXFileReference; lastKnownFileType = sourcecode.c.objc; path = Start.m; sourceTree = "<group>"; };
		C16FFC711D17333E00E0B096 /* Base */ = {isa = PBXFileReference; lastKnownFileType = file.storyboard; name = Base; path = Base.lproj/Main.storyboard; sourceTree = "<group>"; };
		C16FFC741D17333E00E0B096 /* Liga_MX.xcdatamodel */ = {isa = PBXFileReference; lastKnownFileType = wrapper.xcdatamodel; path = Liga_MX.xcdatamodel; sourceTree = "<group>"; };
		C16FFC761D17333E00E0B096 /* Assets.xcassets */ = {isa = PBXFileReference; lastKnownFileType = folder.assetcatalog; path = Assets.xcassets; sourceTree = "<group>"; };
		C16FFC791D17333E00E0B096 /* Base */ = {isa = PBXFileReference; lastKnownFileType = file.storyboard; name = Base; path = Base.lproj/LaunchScreen.storyboard; sourceTree = "<group>"; };
		C16FFC7B1D17333E00E0B096 /* Info.plist */ = {isa = PBXFileReference; lastKnownFileType = text.plist.xml; path = Info.plist; sourceTree = "<group>"; };
		C16FFC961D174A8300E0B096 /* Intro.h */ = {isa = PBXFileReference; fileEncoding = 4; lastKnownFileType = sourcecode.c.h; path = Intro.h; sourceTree = "<group>"; };
		C16FFC971D174A8300E0B096 /* Intro.m */ = {isa = PBXFileReference; fileEncoding = 4; lastKnownFileType = sourcecode.c.objc; path = Intro.m; sourceTree = "<group>"; };
		C16FFC991D174E9F00E0B096 /* Declarations.h */ = {isa = PBXFileReference; fileEncoding = 4; lastKnownFileType = sourcecode.c.h; path = Declarations.h; sourceTree = "<group>"; };
		C16FFC9A1D174E9F00E0B096 /* Declarations.m */ = {isa = PBXFileReference; fileEncoding = 4; lastKnownFileType = sourcecode.c.objc; path = Declarations.m; sourceTree = "<group>"; };
		C17C83C01D1CFDDA00AE3DEF /* atlas.png */ = {isa = PBXFileReference; lastKnownFileType = image.png; path = atlas.png; sourceTree = "<group>"; };
		C17C83C21D1CFF4200AE3DEF /* america.jpg */ = {isa = PBXFileReference; lastKnownFileType = image.jpeg; path = america.jpg; sourceTree = "<group>"; };
		C17C83C31D1CFF4200AE3DEF /* chivas.jpg */ = {isa = PBXFileReference; lastKnownFileType = image.jpeg; path = chivas.jpg; sourceTree = "<group>"; };
		C17C83C41D1CFF4200AE3DEF /* cruzazul.png */ = {isa = PBXFileReference; lastKnownFileType = image.png; path = cruzazul.png; sourceTree = "<group>"; };
		C17C83C51D1CFF4200AE3DEF /* leon.png */ = {isa = PBXFileReference; lastKnownFileType = image.png; path = leon.png; sourceTree = "<group>"; };
		C17C83C61D1CFF4200AE3DEF /* monterrey.png */ = {isa = PBXFileReference; lastKnownFileType = image.png; path = monterrey.png; sourceTree = "<group>"; };
		C17C83C71D1CFF4200AE3DEF /* morelia.png */ = {isa = PBXFileReference; lastKnownFileType = image.png; path = morelia.png; sourceTree = "<group>"; };
		C17C83C81D1CFF4200AE3DEF /* necaxa.jpg */ = {isa = PBXFileReference; lastKnownFileType = image.jpeg; path = necaxa.jpg; sourceTree = "<group>"; };
		C17C83C91D1CFF4200AE3DEF /* pachuca.png */ = {isa = PBXFileReference; lastKnownFileType = image.png; path = pachuca.png; sourceTree = "<group>"; };
		C17C83CA1D1CFF4200AE3DEF /* puebla.jpg */ = {isa = PBXFileReference; lastKnownFileType = image.jpeg; path = puebla.jpg; sourceTree = "<group>"; };
		C17C83CB1D1CFF4200AE3DEF /* queretaro.png */ = {isa = PBXFileReference; lastKnownFileType = image.png; path = queretaro.png; sourceTree = "<group>"; };
		C17C83CC1D1CFF4200AE3DEF /* santos.png */ = {isa = PBXFileReference; lastKnownFileType = image.png; path = santos.png; sourceTree = "<group>"; };
		C17C83CD1D1CFF4200AE3DEF /* tigres.jpg */ = {isa = PBXFileReference; lastKnownFileType = image.jpeg; path = tigres.jpg; sourceTree = "<group>"; };
		C17C83CE1D1CFF4200AE3DEF /* tijuana.png */ = {isa = PBXFileReference; lastKnownFileType = image.png; path = tijuana.png; sourceTree = "<group>"; };
		C17C83CF1D1CFF4200AE3DEF /* toluca.jpg */ = {isa = PBXFileReference; lastKnownFileType = image.jpeg; path = toluca.jpg; sourceTree = "<group>"; };
		C17C83DE1D1CFF5000AE3DEF /* veracruz.jpg */ = {isa = PBXFileReference; lastKnownFileType = image.jpeg; path = veracruz.jpg; sourceTree = "<group>"; };
		C17C83E01D1CFFAC00AE3DEF /* jaguares.png */ = {isa = PBXFileReference; lastKnownFileType = image.png; path = jaguares.png; sourceTree = "<group>"; };
		C17C83E21D1D011C00AE3DEF /* pumas.jpg */ = {isa = PBXFileReference; lastKnownFileType = image.jpeg; path = pumas.jpg; sourceTree = "<group>"; };
/* End PBXFileReference section */

/* Begin PBXFrameworksBuildPhase section */
		C16FFC611D17333E00E0B096 /* Frameworks */ = {
			isa = PBXFrameworksBuildPhase;
			buildActionMask = 2147483647;
			files = (
			);
			runOnlyForDeploymentPostprocessing = 0;
		};
/* End PBXFrameworksBuildPhase section */

/* Begin PBXGroup section */
		C14F5D8F1D1B71FD00313654 /* imgs */ = {
			isa = PBXGroup;
			children = (
				C17C83E21D1D011C00AE3DEF /* pumas.jpg */,
				C17C83E01D1CFFAC00AE3DEF /* jaguares.png */,
				C17C83DE1D1CFF5000AE3DEF /* veracruz.jpg */,
				C17C83C21D1CFF4200AE3DEF /* america.jpg */,
				C17C83C31D1CFF4200AE3DEF /* chivas.jpg */,
				C17C83C41D1CFF4200AE3DEF /* cruzazul.png */,
				C17C83C51D1CFF4200AE3DEF /* leon.png */,
				C17C83C61D1CFF4200AE3DEF /* monterrey.png */,
				C17C83C71D1CFF4200AE3DEF /* morelia.png */,
				C17C83C81D1CFF4200AE3DEF /* necaxa.jpg */,
				C17C83C91D1CFF4200AE3DEF /* pachuca.png */,
				C17C83CA1D1CFF4200AE3DEF /* puebla.jpg */,
				C17C83CB1D1CFF4200AE3DEF /* queretaro.png */,
				C17C83CC1D1CFF4200AE3DEF /* santos.png */,
				C17C83CD1D1CFF4200AE3DEF /* tigres.jpg */,
				C17C83CE1D1CFF4200AE3DEF /* tijuana.png */,
				C17C83CF1D1CFF4200AE3DEF /* toluca.jpg */,
				C17C83C01D1CFDDA00AE3DEF /* atlas.png */,
				C14F5D901D1B71FD00313654 /* barra.jpg */,
				C14F5D911D1B71FD00313654 /* equipos.jpg */,
				C14F5D921D1B71FD00313654 /* LigaMX.jpg */,
			);
			path = imgs;
			sourceTree = "<group>";
		};
		C14F5D991D1B7ECC00313654 /* Cells */ = {
			isa = PBXGroup;
			children = (
				C14F5D9A1D1B804D00313654 /* cellTeams.h */,
				C14F5D9B1D1B804D00313654 /* cellTeams.m */,
				C14F5D9C1D1B804D00313654 /* cellTeams.xib */,
			);
			name = Cells;
			sourceTree = "<group>";
		};
		C16FFC5B1D17333E00E0B096 = {
			isa = PBXGroup;
			children = (
				C16FFC661D17333E00E0B096 /* Liga MX */,
				C16FFC651D17333E00E0B096 /* Products */,
			);
			sourceTree = "<group>";
		};
		C16FFC651D17333E00E0B096 /* Products */ = {
			isa = PBXGroup;
			children = (
				C16FFC641D17333E00E0B096 /* Liga MX.app */,
			);
			name = Products;
			sourceTree = "<group>";
		};
		C16FFC661D17333E00E0B096 /* Liga MX */ = {
			isa = PBXGroup;
			children = (
				C14F5D991D1B7ECC00313654 /* Cells */,
				C14F5D8F1D1B71FD00313654 /* imgs */,
				C16FFC821D1734B500E0B096 /* Main */,
				C16FFC811D17349500E0B096 /* Controllers */,
				C16FFC701D17333E00E0B096 /* Main.storyboard */,
				C16FFC761D17333E00E0B096 /* Assets.xcassets */,
				C16FFC781D17333E00E0B096 /* LaunchScreen.storyboard */,
				C16FFC7B1D17333E00E0B096 /* Info.plist */,
				C16FFC731D17333E00E0B096 /* Liga_MX.xcdatamodeld */,
				C16FFC671D17333E00E0B096 /* Supporting Files */,
			);
			path = "Liga MX";
			sourceTree = "<group>";
		};
		C16FFC671D17333E00E0B096 /* Supporting Files */ = {
			isa = PBXGroup;
			children = (
				C16FFC681D17333E00E0B096 /* main.m */,
			);
			name = "Supporting Files";
			sourceTree = "<group>";
		};
		C16FFC811D17349500E0B096 /* Controllers */ = {
			isa = PBXGroup;
			children = (
				C16FFC6D1D17333E00E0B096 /* Start.h */,
				C16FFC6E1D17333E00E0B096 /* Start.m */,
				C16FFC961D174A8300E0B096 /* Intro.h */,
				C16FFC971D174A8300E0B096 /* Intro.m */,
				C14F5D961D1B7A5C00313654 /* Home.h */,
				C14F5D971D1B7A5C00313654 /* Home.m */,
			);
			name = Controllers;
			sourceTree = "<group>";
		};
		C16FFC821D1734B500E0B096 /* Main */ = {
			isa = PBXGroup;
			children = (
				C16FFC6A1D17333E00E0B096 /* AppDelegate.h */,
				C16FFC6B1D17333E00E0B096 /* AppDelegate.m */,
				C16FFC991D174E9F00E0B096 /* Declarations.h */,
				C16FFC9A1D174E9F00E0B096 /* Declarations.m */,
			);
			name = Main;
			sourceTree = "<group>";
		};
/* End PBXGroup section */

/* Begin PBXNativeTarget section */
		C16FFC631D17333E00E0B096 /* Liga MX */ = {
			isa = PBXNativeTarget;
			buildConfigurationList = C16FFC7E1D17333E00E0B096 /* Build configuration list for PBXNativeTarget "Liga MX" */;
			buildPhases = (
				C16FFC601D17333E00E0B096 /* Sources */,
				C16FFC611D17333E00E0B096 /* Frameworks */,
				C16FFC621D17333E00E0B096 /* Resources */,
			);
			buildRules = (
			);
			dependencies = (
			);
			name = "Liga MX";
			productName = "Liga MX";
			productReference = C16FFC641D17333E00E0B096 /* Liga MX.app */;
			productType = "com.apple.product-type.application";
		};
/* End PBXNativeTarget section */

/* Begin PBXProject section */
		C16FFC5C1D17333E00E0B096 /* Project object */ = {
			isa = PBXProject;
			attributes = {
				LastUpgradeCheck = 0730;
				ORGANIZATIONNAME = Fer;
				TargetAttributes = {
					C16FFC631D17333E00E0B096 = {
						CreatedOnToolsVersion = 7.3.1;
					};
				};
			};
			buildConfigurationList = C16FFC5F1D17333E00E0B096 /* Build configuration list for PBXProject "Liga MX" */;
			compatibilityVersion = "Xcode 3.2";
			developmentRegion = English;
			hasScannedForEncodings = 0;
			knownRegions = (
				en,
				Base,
			);
			mainGroup = C16FFC5B1D17333E00E0B096;
			productRefGroup = C16FFC651D17333E00E0B096 /* Products */;
			projectDirPath = "";
			projectRoot = "";
			targets = (
				C16FFC631D17333E00E0B096 /* Liga MX */,
			);
		};
/* End PBXProject section */

/* Begin PBXResourcesBuildPhase section */
		C16FFC621D17333E00E0B096 /* Resources */ = {
			isa = PBXResourcesBuildPhase;
			buildActionMask = 2147483647;
			files = (
				C17C83D91D1CFF4200AE3DEF /* queretaro.png in Resources */,
				C17C83E11D1CFFAC00AE3DEF /* jaguares.png in Resources */,
				C17C83DD1D1CFF4200AE3DEF /* toluca.jpg in Resources */,
				C14F5D931D1B71FD00313654 /* barra.jpg in Resources */,
				C17C83D21D1CFF4200AE3DEF /* cruzazul.png in Resources */,
				C17C83DB1D1CFF4200AE3DEF /* tigres.jpg in Resources */,
				C17C83DC1D1CFF4200AE3DEF /* tijuana.png in Resources */,
				C17C83D01D1CFF4200AE3DEF /* america.jpg in Resources */,
				C17C83E31D1D011C00AE3DEF /* pumas.jpg in Resources */,
				C17C83D71D1CFF4200AE3DEF /* pachuca.png in Resources */,
				C17C83DF1D1CFF5000AE3DEF /* veracruz.jpg in Resources */,
				C17C83DA1D1CFF4200AE3DEF /* santos.png in Resources */,
				C17C83C11D1CFDDA00AE3DEF /* atlas.png in Resources */,
				C14F5D951D1B71FD00313654 /* LigaMX.jpg in Resources */,
				C17C83D41D1CFF4200AE3DEF /* monterrey.png in Resources */,
				C17C83D81D1CFF4200AE3DEF /* puebla.jpg in Resources */,
				C17C83D61D1CFF4200AE3DEF /* necaxa.jpg in Resources */,
				C17C83D31D1CFF4200AE3DEF /* leon.png in Resources */,
				C17C83D51D1CFF4200AE3DEF /* morelia.png in Resources */,
				C16FFC7A1D17333E00E0B096 /* LaunchScreen.storyboard in Resources */,
				C14F5D941D1B71FD00313654 /* equipos.jpg in Resources */,
				C16FFC771D17333E00E0B096 /* Assets.xcassets in Resources */,
				C14F5D9E1D1B804D00313654 /* cellTeams.xib in Resources */,
				C16FFC721D17333E00E0B096 /* Main.storyboard in Resources */,
				C17C83D11D1CFF4200AE3DEF /* chivas.jpg in Resources */,
			);
			runOnlyForDeploymentPostprocessing = 0;
		};
/* End PBXResourcesBuildPhase section */

/* Begin PBXSourcesBuildPhase section */
		C16FFC601D17333E00E0B096 /* Sources */ = {
			isa = PBXSourcesBuildPhase;
			buildActionMask = 2147483647;
			files = (
				C14F5D9D1D1B804D00313654 /* cellTeams.m in Sources */,
				C16FFC981D174A8300E0B096 /* Intro.m in Sources */,
				C16FFC6F1D17333E00E0B096 /* Start.m in Sources */,
				C16FFC9B1D174E9F00E0B096 /* Declarations.m in Sources */,
				C16FFC751D17333E00E0B096 /* Liga_MX.xcdatamodeld in Sources */,
				C14F5D981D1B7A5C00313654 /* Home.m in Sources */,
				C16FFC6C1D17333E00E0B096 /* AppDelegate.m in Sources */,
				C16FFC691D17333E00E0B096 /* main.m in Sources */,
			);
			runOnlyForDeploymentPostprocessing = 0;
		};
/* End PBXSourcesBuildPhase section */

/* Begin PBXVariantGroup section */
		C16FFC701D17333E00E0B096 /* Main.storyboard */ = {
			isa = PBXVariantGroup;
			children = (
				C16FFC711D17333E00E0B096 /* Base */,
			);
			name = Main.storyboard;
			sourceTree = "<group>";
		};
		C16FFC781D17333E00E0B096 /* LaunchScreen.storyboard */ = {
			isa = PBXVariantGroup;
			children = (
				C16FFC791D17333E00E0B096 /* Base */,
			);
			name = LaunchScreen.storyboard;
			sourceTree = "<group>";
		};
/* End PBXVariantGroup section */

/* Begin XCBuildConfiguration section */
		C16FFC7C1D17333E00E0B096 /* Debug */ = {
			isa = XCBuildConfiguration;
			buildSettings = {
				ALWAYS_SEARCH_USER_PATHS = NO;
				CLANG_ANALYZER_NONNULL = YES;
				CLANG_CXX_LANGUAGE_STANDARD = "gnu++0x";
				CLANG_CXX_LIBRARY = "libc++";
				CLANG_ENABLE_MODULES = YES;
				CLANG_ENABLE_OBJC_ARC = YES;
				CLANG_WARN_BOOL_CONVERSION = YES;
				CLANG_WARN_CONSTANT_CONVERSION = YES;
				CLANG_WARN_DIRECT_OBJC_ISA_USAGE = YES_ERROR;
				CLANG_WARN_EMPTY_BODY = YES;
				CLANG_WARN_ENUM_CONVERSION = YES;
				CLANG_WARN_INT_CONVERSION = YES;
				CLANG_WARN_OBJC_ROOT_CLASS = YES_ERROR;
				CLANG_WARN_UNREACHABLE_CODE = YES;
				CLANG_WARN__DUPLICATE_METHOD_MATCH = YES;
				"CODE_SIGN_IDENTITY[sdk=iphoneos*]" = "iPhone Developer";
				COPY_PHASE_STRIP = NO;
				DEBUG_INFORMATION_FORMAT = dwarf;
				ENABLE_STRICT_OBJC_MSGSEND = YES;
				ENABLE_TESTABILITY = YES;
				GCC_C_LANGUAGE_STANDARD = gnu99;
				GCC_DYNAMIC_NO_PIC = NO;
				GCC_NO_COMMON_BLOCKS = YES;
				GCC_OPTIMIZATION_LEVEL = 0;
				GCC_PREPROCESSOR_DEFINITIONS = (
					"DEBUG=1",
					"$(inherited)",
				);
				GCC_WARN_64_TO_32_BIT_CONVERSION = YES;
				GCC_WARN_ABOUT_RETURN_TYPE = YES_ERROR;
				GCC_WARN_UNDECLARED_SELECTOR = YES;
				GCC_WARN_UNINITIALIZED_AUTOS = YES_AGGRESSIVE;
				GCC_WARN_UNUSED_FUNCTION = YES;
				GCC_WARN_UNUSED_VARIABLE = YES;
				IPHONEOS_DEPLOYMENT_TARGET = 9.3;
				MTL_ENABLE_DEBUG_INFO = YES;
				ONLY_ACTIVE_ARCH = YES;
				SDKROOT = iphoneos;
			};
			name = Debug;
		};
		C16FFC7D1D17333E00E0B096 /* Release */ = {
			isa = XCBuildConfiguration;
			buildSettings = {
				ALWAYS_SEARCH_USER_PATHS = NO;
				CLANG_ANALYZER_NONNULL = YES;
				CLANG_CXX_LANGUAGE_STANDARD = "gnu++0x";
				CLANG_CXX_LIBRARY = "libc++";
				CLANG_ENABLE_MODULES = YES;
				CLANG_ENABLE_OBJC_ARC = YES;
				CLANG_WARN_BOOL_CONVERSION = YES;
				CLANG_WARN_CONSTANT_CONVERSION = YES;
				CLANG_WARN_DIRECT_OBJC_ISA_USAGE = YES_ERROR;
				CLANG_WARN_EMPTY_BODY = YES;
				CLANG_WARN_ENUM_CONVERSION = YES;
				CLANG_WARN_INT_CONVERSION = YES;
				CLANG_WARN_OBJC_ROOT_CLASS = YES_ERROR;
				CLANG_WARN_UNREACHABLE_CODE = YES;
				CLANG_WARN__DUPLICATE_METHOD_MATCH = YES;
				"CODE_SIGN_IDENTITY[sdk=iphoneos*]" = "iPhone Developer";
				COPY_PHASE_STRIP = NO;
				DEBUG_INFORMATION_FORMAT = "dwarf-with-dsym";
				ENABLE_NS_ASSERTIONS = NO;
				ENABLE_STRICT_OBJC_MSGSEND = YES;
				GCC_C_LANGUAGE_STANDARD = gnu99;
				GCC_NO_COMMON_BLOCKS = YES;
				GCC_WARN_64_TO_32_BIT_CONVERSION = YES;
				GCC_WARN_ABOUT_RETURN_TYPE = YES_ERROR;
				GCC_WARN_UNDECLARED_SELECTOR = YES;
				GCC_WARN_UNINITIALIZED_AUTOS = YES_AGGRESSIVE;
				GCC_WARN_UNUSED_FUNCTION = YES;
				GCC_WARN_UNUSED_VARIABLE = YES;
				IPHONEOS_DEPLOYMENT_TARGET = 9.3;
				MTL_ENABLE_DEBUG_INFO = NO;
				SDKROOT = iphoneos;
				VALIDATE_PRODUCT = YES;
			};
			name = Release;
		};
		C16FFC7F1D17333E00E0B096 /* Debug */ = {
			isa = XCBuildConfiguration;
			buildSettings = {
				ASSETCATALOG_COMPILER_APPICON_NAME = AppIcon;
				INFOPLIST_FILE = "Liga MX/Info.plist";
				LD_RUNPATH_SEARCH_PATHS = "$(inherited) @executable_path/Frameworks";
				PRODUCT_BUNDLE_IDENTIFIER = "com.uag.Liga-MX";
				PRODUCT_NAME = "$(TARGET_NAME)";
			};
			name = Debug;
		};
		C16FFC801D17333E00E0B096 /* Release */ = {
			isa = XCBuildConfiguration;
			buildSettings = {
				ASSETCATALOG_COMPILER_APPICON_NAME = AppIcon;
				INFOPLIST_FILE = "Liga MX/Info.plist";
				LD_RUNPATH_SEARCH_PATHS = "$(inherited) @executable_path/Frameworks";
				PRODUCT_BUNDLE_IDENTIFIER = "com.uag.Liga-MX";
				PRODUCT_NAME = "$(TARGET_NAME)";
			};
			name = Release;
		};
/* End XCBuildConfiguration section */

/* Begin XCConfigurationList section */
		C16FFC5F1D17333E00E0B096 /* Build configuration list for PBXProject "Liga MX" */ = {
			isa = XCConfigurationList;
			buildConfigurations = (
				C16FFC7C1D17333E00E0B096 /* Debug */,
				C16FFC7D1D17333E00E0B096 /* Release */,
			);
			defaultConfigurationIsVisible = 0;
			defaultConfigurationName = Release;
		};
		C16FFC7E1D17333E00E0B096 /* Build configuration list for PBXNativeTarget "Liga MX" */ = {
			isa = XCConfigurationList;
			buildConfigurations = (
				C16FFC7F1D17333E00E0B096 /* Debug */,
				C16FFC801D17333E00E0B096 /* Release */,
			);
			defaultConfigurationIsVisible = 0;
			defaultConfigurationName = Release;
		};
/* End XCConfigurationList section */

/* Begin XCVersionGroup section */
		C16FFC731D17333E00E0B096 /* Liga_MX.xcdatamodeld */ = {
			isa = XCVersionGroup;
			children = (
				C16FFC741D17333E00E0B096 /* Liga_MX.xcdatamodel */,
			);
			currentVersion = C16FFC741D17333E00E0B096 /* Liga_MX.xcdatamodel */;
			path = Liga_MX.xcdatamodeld;
			sourceTree = "<group>";
			versionGroupType = wrapper.xcdatamodel;
		};
/* End XCVersionGroup section */
	};
	rootObject = C16FFC5C1D17333E00E0B096 /* Project object */;
}
